
Microsoft Visual Studio Solution File, Format Version 12.00
# Visual Studio Version 16
VisualStudioVersion = 16.0.30517.126
MinimumVisualStudioVersion = 10.0.40219.1
Project("{FAE04EC0-301F-11D3-BF4B-00C04F79EFBC}") = "SportsStore.WebUI", "SportsStore.WebUI\SportsStore.WebUI.csproj", "{169BB990-C6C5-404F-BB7B-7D9168A4D4BF}"
	ProjectSection(ProjectDependencies) = postProject
		{BC905CBB-9086-4881-BC00-136940E326C6} = {BC905CBB-9086-4881-BC00-136940E326C6}
	EndProjectSection
EndProject
Project("{FAE04EC0-301F-11D3-BF4B-00C04F79EFBC}") = "SportsStore.UnitTests", "SportsStore.UnitTests\SportsStore.UnitTests.csproj", "{58C4E173-9D8E-4648-8706-0C142200D71A}"
	ProjectSection(ProjectDependencies) = postProject
		{BC905CBB-9086-4881-BC00-136940E326C6} = {BC905CBB-9086-4881-BC00-136940E326C6}
	EndProjectSection
EndProject
Project("{FAE04EC0-301F-11D3-BF4B-00C04F79EFBC}") = "SportsStore.Domain", "SportsStore.Domain\SportsStore.Domain.csproj", "{BC905CBB-9086-4881-BC00-136940E326C6}"
EndProject
Global
	GlobalSection(SolutionConfigurationPlatforms) = preSolution
		Debug|Any CPU = Debug|Any CPU
		Release|Any CPU = Release|Any CPU
	EndGlobalSection
	GlobalSection(ProjectConfigurationPlatforms) = postSolution
		{169BB990-C6C5-404F-BB7B-7D9168A4D4BF}.Debug|Any CPU.ActiveCfg = Debug|Any CPU
		{169BB990-C6C5-404F-BB7B-7D9168A4D4BF}.Debug|Any CPU.Build.0 = Debug|Any CPU
		{169BB990-C6C5-404F-BB7B-7D9168A4D4BF}.Release|Any CPU.ActiveCfg = Release|Any CPU
		{169BB990-C6C5-404F-BB7B-7D9168A4D4BF}.Release|Any CPU.Build.0 = Release|Any CPU
		{58C4E173-9D8E-4648-8706-0C142200D71A}.Debug|Any CPU.ActiveCfg = Debug|Any CPU
		{58C4E173-9D8E-4648-8706-0C142200D71A}.Debug|Any CPU.Build.0 = Debug|Any CPU
		{58C4E173-9D8E-4648-8706-0C142200D71A}.Release|Any CPU.ActiveCfg = Release|Any CPU
		{58C4E173-9D8E-4648-8706-0C142200D71A}.Release|Any CPU.Build.0 = Release|Any CPU
		{BC905CBB-9086-4881-BC00-136940E326C6}.Debug|Any CPU.ActiveCfg = Debug|Any CPU
		{BC905CBB-9086-4881-BC00-136940E326C6}.Debug|Any CPU.Build.0 = Debug|Any CPU
		{BC905CBB-9086-4881-BC00-136940E326C6}.Release|Any CPU.ActiveCfg = Release|Any CPU
		{BC905CBB-9086-4881-BC00-136940E326C6}.Release|Any CPU.Build.0 = Release|Any CPU
	EndGlobalSection
	GlobalSection(SolutionProperties) = preSolution
		HideSolutionNode = FALSE
	EndGlobalSection
	GlobalSection(ExtensibilityGlobals) = postSolution
		SolutionGuid = {A8778372-8141-4F1F-82B0-592CDD8D04D2}
	EndGlobalSection
EndGlobal
